// !$*UTF8*$!
{
	archiveVersion = 1;
	classes = {
	};
	objectVersion = 46;
	objects = {

/* Begin PBXBuildFile section */
		8E276EB1F8C89C91EEE7103B /* Pods_LoginDesign.framework in Frameworks */ = {isa = PBXBuildFile; fileRef = F8D15A9DDA999839EF012190 /* Pods_LoginDesign.framework */; };
		F78CDB481E309F740010663F /* MainController.swift in Sources */ = {isa = PBXBuildFile; fileRef = F78CDB471E309F740010663F /* MainController.swift */; };
		F78CDB4F1E31C4A30010663F /* Colors.swift in Sources */ = {isa = PBXBuildFile; fileRef = F78CDB4E1E31C4A30010663F /* Colors.swift */; };
		F794EC931DDD9B6F009C0A57 /* AppDelegate.swift in Sources */ = {isa = PBXBuildFile; fileRef = F794EC921DDD9B6F009C0A57 /* AppDelegate.swift */; };
		F794EC951DDD9B6F009C0A57 /* LoginController.swift in Sources */ = {isa = PBXBuildFile; fileRef = F794EC941DDD9B6F009C0A57 /* LoginController.swift */; };
		F794EC981DDD9B6F009C0A57 /* Main.storyboard in Resources */ = {isa = PBXBuildFile; fileRef = F794EC961DDD9B6F009C0A57 /* Main.storyboard */; };
		F794EC9A1DDD9B6F009C0A57 /* Assets.xcassets in Resources */ = {isa = PBXBuildFile; fileRef = F794EC991DDD9B6F009C0A57 /* Assets.xcassets */; };
		F794EC9D1DDD9B6F009C0A57 /* LaunchScreen.storyboard in Resources */ = {isa = PBXBuildFile; fileRef = F794EC9B1DDD9B6F009C0A57 /* LaunchScreen.storyboard */; };
		F7EC04E21E31D95500B3C8BE /* NewsFeedController.swift in Sources */ = {isa = PBXBuildFile; fileRef = F7EC04E11E31D95500B3C8BE /* NewsFeedController.swift */; };
		F7EC04E51E31D9B900B3C8BE /* NewsFeedCell.swift in Sources */ = {isa = PBXBuildFile; fileRef = F7EC04E31E31D9B900B3C8BE /* NewsFeedCell.swift */; };
		F7EC04E61E31D9B900B3C8BE /* NewsFeedCell.xib in Resources */ = {isa = PBXBuildFile; fileRef = F7EC04E41E31D9B900B3C8BE /* NewsFeedCell.xib */; };
		F7EC04E81E31DC3300B3C8BE /* NewsFeed.swift in Sources */ = {isa = PBXBuildFile; fileRef = F7EC04E71E31DC3300B3C8BE /* NewsFeed.swift */; };
		F7EC04EA1E321CE400B3C8BE /* PostController.swift in Sources */ = {isa = PBXBuildFile; fileRef = F7EC04E91E321CE400B3C8BE /* PostController.swift */; };
/* End PBXBuildFile section */

/* Begin PBXFileReference section */
		35671D3630309A54EE1BEEDD /* Pods-LoginDesign.release.xcconfig */ = {isa = PBXFileReference; includeInIndex = 1; lastKnownFileType = text.xcconfig; name = "Pods-LoginDesign.release.xcconfig"; path = "Pods/Target Support Files/Pods-LoginDesign/Pods-LoginDesign.release.xcconfig"; sourceTree = "<group>"; };
		D8078258E304D0FCCD1F1F4C /* Pods-LoginDesign.debug.xcconfig */ = {isa = PBXFileReference; includeInIndex = 1; lastKnownFileType = text.xcconfig; name = "Pods-LoginDesign.debug.xcconfig"; path = "Pods/Target Support Files/Pods-LoginDesign/Pods-LoginDesign.debug.xcconfig"; sourceTree = "<group>"; };
		F78CDB471E309F740010663F /* MainController.swift */ = {isa = PBXFileReference; fileEncoding = 4; lastKnownFileType = sourcecode.swift; path = MainController.swift; sourceTree = "<group>"; };
		F78CDB4E1E31C4A30010663F /* Colors.swift */ = {isa = PBXFileReference; fileEncoding = 4; lastKnownFileType = sourcecode.swift; path = Colors.swift; sourceTree = "<group>"; };
		F794EC8F1DDD9B6F009C0A57 /* LoginDesign.app */ = {isa = PBXFileReference; explicitFileType = wrapper.application; includeInIndex = 0; path = LoginDesign.app; sourceTree = BUILT_PRODUCTS_DIR; };
		F794EC921DDD9B6F009C0A57 /* AppDelegate.swift */ = {isa = PBXFileReference; lastKnownFileType = sourcecode.swift; path = AppDelegate.swift; sourceTree = "<group>"; };
		F794EC941DDD9B6F009C0A57 /* LoginController.swift */ = {isa = PBXFileReference; lastKnownFileType = sourcecode.swift; path = LoginController.swift; sourceTree = "<group>"; };
		F794EC971DDD9B6F009C0A57 /* Base */ = {isa = PBXFileReference; lastKnownFileType = file.storyboard; name = Base; path = Base.lproj/Main.storyboard; sourceTree = "<group>"; };
		F794EC991DDD9B6F009C0A57 /* Assets.xcassets */ = {isa = PBXFileReference; lastKnownFileType = folder.assetcatalog; path = Assets.xcassets; sourceTree = "<group>"; };
		F794EC9C1DDD9B6F009C0A57 /* Base */ = {isa = PBXFileReference; lastKnownFileType = file.storyboard; name = Base; path = Base.lproj/LaunchScreen.storyboard; sourceTree = "<group>"; };
		F794EC9E1DDD9B6F009C0A57 /* Info.plist */ = {isa = PBXFileReference; lastKnownFileType = text.plist.xml; path = Info.plist; sourceTree = "<group>"; };
		F7EC04E11E31D95500B3C8BE /* NewsFeedController.swift */ = {isa = PBXFileReference; fileEncoding = 4; lastKnownFileType = sourcecode.swift; path = NewsFeedController.swift; sourceTree = "<group>"; };
		F7EC04E31E31D9B900B3C8BE /* NewsFeedCell.swift */ = {isa = PBXFileReference; fileEncoding = 4; lastKnownFileType = sourcecode.swift; path = NewsFeedCell.swift; sourceTree = "<group>"; };
		F7EC04E41E31D9B900B3C8BE /* NewsFeedCell.xib */ = {isa = PBXFileReference; fileEncoding = 4; lastKnownFileType = file.xib; path = NewsFeedCell.xib; sourceTree = "<group>"; };
		F7EC04E71E31DC3300B3C8BE /* NewsFeed.swift */ = {isa = PBXFileReference; fileEncoding = 4; lastKnownFileType = sourcecode.swift; path = NewsFeed.swift; sourceTree = "<group>"; };
		F7EC04E91E321CE400B3C8BE /* PostController.swift */ = {isa = PBXFileReference; fileEncoding = 4; lastKnownFileType = sourcecode.swift; path = PostController.swift; sourceTree = "<group>"; };
		F8D15A9DDA999839EF012190 /* Pods_LoginDesign.framework */ = {isa = PBXFileReference; explicitFileType = wrapper.framework; includeInIndex = 0; path = Pods_LoginDesign.framework; sourceTree = BUILT_PRODUCTS_DIR; };
/* End PBXFileReference section */

/* Begin PBXFrameworksBuildPhase section */
		F794EC8C1DDD9B6F009C0A57 /* Frameworks */ = {
			isa = PBXFrameworksBuildPhase;
			buildActionMask = 2147483647;
			files = (
				8E276EB1F8C89C91EEE7103B /* Pods_LoginDesign.framework in Frameworks */,
			);
			runOnlyForDeploymentPostprocessing = 0;
		};
/* End PBXFrameworksBuildPhase section */

/* Begin PBXGroup section */
		99A0616A4E88045D675788E7 /* Pods */ = {
			isa = PBXGroup;
			children = (
				D8078258E304D0FCCD1F1F4C /* Pods-LoginDesign.debug.xcconfig */,
				35671D3630309A54EE1BEEDD /* Pods-LoginDesign.release.xcconfig */,
			);
			name = Pods;
			sourceTree = "<group>";
		};
		A79FAD467D580CD5D7D61AC1 /* Frameworks */ = {
			isa = PBXGroup;
			children = (
				F8D15A9DDA999839EF012190 /* Pods_LoginDesign.framework */,
			);
			name = Frameworks;
			sourceTree = "<group>";
		};
		F78CDB4B1E31C3430010663F /* Models */ = {
			isa = PBXGroup;
			children = (
				F78CDB4E1E31C4A30010663F /* Colors.swift */,
				F7EC04E71E31DC3300B3C8BE /* NewsFeed.swift */,
			);
			name = Models;
			sourceTree = "<group>";
		};
		F78CDB4C1E31C34F0010663F /* Controllers */ = {
			isa = PBXGroup;
			children = (
				F7EC04E11E31D95500B3C8BE /* NewsFeedController.swift */,
				F794EC941DDD9B6F009C0A57 /* LoginController.swift */,
				F78CDB471E309F740010663F /* MainController.swift */,
				F7EC04E31E31D9B900B3C8BE /* NewsFeedCell.swift */,
				F7EC04E91E321CE400B3C8BE /* PostController.swift */,
			);
			name = Controllers;
			sourceTree = "<group>";
		};
		F78CDB4D1E31C3560010663F /* Views */ = {
			isa = PBXGroup;
			children = (
				F794EC961DDD9B6F009C0A57 /* Main.storyboard */,
				F794EC9B1DDD9B6F009C0A57 /* LaunchScreen.storyboard */,
				F7EC04E41E31D9B900B3C8BE /* NewsFeedCell.xib */,
			);
			name = Views;
			sourceTree = "<group>";
		};
		F794EC861DDD9B6F009C0A57 = {
			isa = PBXGroup;
			children = (
				F794EC911DDD9B6F009C0A57 /* LoginDesign */,
				F794EC901DDD9B6F009C0A57 /* Products */,
				99A0616A4E88045D675788E7 /* Pods */,
				A79FAD467D580CD5D7D61AC1 /* Frameworks */,
			);
			sourceTree = "<group>";
		};
		F794EC901DDD9B6F009C0A57 /* Products */ = {
			isa = PBXGroup;
			children = (
				F794EC8F1DDD9B6F009C0A57 /* LoginDesign.app */,
			);
			name = Products;
			sourceTree = "<group>";
		};
		F794EC911DDD9B6F009C0A57 /* LoginDesign */ = {
			isa = PBXGroup;
			children = (
				F78CDB4B1E31C3430010663F /* Models */,
				F78CDB4D1E31C3560010663F /* Views */,
				F78CDB4C1E31C34F0010663F /* Controllers */,
				F7EC04EB1E35F1AD00B3C8BE /* Supporting FIles */,
			);
			path = LoginDesign;
			sourceTree = "<group>";
		};
		F7EC04EB1E35F1AD00B3C8BE /* Supporting FIles */ = {
			isa = PBXGroup;
			children = (
				F794EC991DDD9B6F009C0A57 /* Assets.xcassets */,
				F794EC9E1DDD9B6F009C0A57 /* Info.plist */,
				F794EC921DDD9B6F009C0A57 /* AppDelegate.swift */,
			);
			name = "Supporting FIles";
			sourceTree = "<group>";
		};
/* End PBXGroup section */

/* Begin PBXNativeTarget section */
		F794EC8E1DDD9B6F009C0A57 /* LoginDesign */ = {
			isa = PBXNativeTarget;
			buildConfigurationList = F794ECA11DDD9B6F009C0A57 /* Build configuration list for PBXNativeTarget "LoginDesign" */;
			buildPhases = (
				7B1178FB6C7C0AE195457AB4 /* [CP] Check Pods Manifest.lock */,
				F794EC8B1DDD9B6F009C0A57 /* Sources */,
				F794EC8C1DDD9B6F009C0A57 /* Frameworks */,
				F794EC8D1DDD9B6F009C0A57 /* Resources */,
				84F36574B10ECE6A5B1C4155 /* [CP] Embed Pods Frameworks */,
				F3725B05678DEE151DA27634 /* [CP] Copy Pods Resources */,
			);
			buildRules = (
			);
			dependencies = (
			);
			name = LoginDesign;
			productName = LoginDesign;
			productReference = F794EC8F1DDD9B6F009C0A57 /* LoginDesign.app */;
			productType = "com.apple.product-type.application";
		};
/* End PBXNativeTarget section */

/* Begin PBXProject section */
		F794EC871DDD9B6F009C0A57 /* Project object */ = {
			isa = PBXProject;
			attributes = {
				LastSwiftUpdateCheck = 0810;
				LastUpgradeCheck = 0820;
				ORGANIZATIONNAME = "Orange Apps";
				TargetAttributes = {
					F794EC8E1DDD9B6F009C0A57 = {
						CreatedOnToolsVersion = 8.1;
						DevelopmentTeam = 9X2593SH8B;
						ProvisioningStyle = Automatic;
					};
				};
			};
			buildConfigurationList = F794EC8A1DDD9B6F009C0A57 /* Build configuration list for PBXProject "LoginDesign" */;
			compatibilityVersion = "Xcode 3.2";
			developmentRegion = English;
			hasScannedForEncodings = 0;
			knownRegions = (
				en,
				Base,
			);
			mainGroup = F794EC861DDD9B6F009C0A57;
			productRefGroup = F794EC901DDD9B6F009C0A57 /* Products */;
			projectDirPath = "";
			projectRoot = "";
			targets = (
				F794EC8E1DDD9B6F009C0A57 /* LoginDesign */,
			);
		};
/* End PBXProject section */

/* Begin PBXResourcesBuildPhase section */
		F794EC8D1DDD9B6F009C0A57 /* Resources */ = {
			isa = PBXResourcesBuildPhase;
			buildActionMask = 2147483647;
			files = (
				F794EC9D1DDD9B6F009C0A57 /* LaunchScreen.storyboard in Resources */,
				F794EC9A1DDD9B6F009C0A57 /* Assets.xcassets in Resources */,
				F7EC04E61E31D9B900B3C8BE /* NewsFeedCell.xib in Resources */,
				F794EC981DDD9B6F009C0A57 /* Main.storyboard in Resources */,
			);
			runOnlyForDeploymentPostprocessing = 0;
		};
/* End PBXResourcesBuildPhase section */

/* Begin PBXShellScriptBuildPhase section */
		7B1178FB6C7C0AE195457AB4 /* [CP] Check Pods Manifest.lock */ = {
			isa = PBXShellScriptBuildPhase;
			buildActionMask = 2147483647;
			files = (
			);
			inputPaths = (
			);
			name = "[CP] Check Pods Manifest.lock";
			outputPaths = (
			);
			runOnlyForDeploymentPostprocessing = 0;
			shellPath = /bin/sh;
			shellScript = "diff \"${PODS_ROOT}/../Podfile.lock\" \"${PODS_ROOT}/Manifest.lock\" > /dev/null\nif [ $? != 0 ] ; then\n    # print error to STDERR\n    echo \"error: The sandbox is not in sync with the Podfile.lock. Run 'pod install' or update your CocoaPods installation.\" >&2\n    exit 1\nfi\n";
			showEnvVarsInLog = 0;
		};
		84F36574B10ECE6A5B1C4155 /* [CP] Embed Pods Frameworks */ = {
			isa = PBXShellScriptBuildPhase;
			buildActionMask = 2147483647;
			files = (
			);
			inputPaths = (
			);
			name = "[CP] Embed Pods Frameworks";
			outputPaths = (
			);
			runOnlyForDeploymentPostprocessing = 0;
			shellPath = /bin/sh;
			shellScript = "\"${SRCROOT}/Pods/Target Support Files/Pods-LoginDesign/Pods-LoginDesign-frameworks.sh\"\n";
			showEnvVarsInLog = 0;
		};
		F3725B05678DEE151DA27634 /* [CP] Copy Pods Resources */ = {
			isa = PBXShellScriptBuildPhase;
			buildActionMask = 2147483647;
			files = (
			);
			inputPaths = (
			);
			name = "[CP] Copy Pods Resources";
			outputPaths = (
			);
			runOnlyForDeploymentPostprocessing = 0;
			shellPath = /bin/sh;
			shellScript = "\"${SRCROOT}/Pods/Target Support Files/Pods-LoginDesign/Pods-LoginDesign-resources.sh\"\n";
			showEnvVarsInLog = 0;
		};
/* End PBXShellScriptBuildPhase section */

/* Begin PBXSourcesBuildPhase section */
		F794EC8B1DDD9B6F009C0A57 /* Sources */ = {
			isa = PBXSourcesBuildPhase;
			buildActionMask = 2147483647;
			files = (
				F7EC04E21E31D95500B3C8BE /* NewsFeedController.swift in Sources */,
				F7EC04EA1E321CE400B3C8BE /* PostController.swift in Sources */,
				F78CDB4F1E31C4A30010663F /* Colors.swift in Sources */,
				F7EC04E51E31D9B900B3C8BE /* NewsFeedCell.swift in Sources */,
				F794EC951DDD9B6F009C0A57 /* LoginController.swift in Sources */,
				F78CDB481E309F740010663F /* MainController.swift in Sources */,
				F794EC931DDD9B6F009C0A57 /* AppDelegate.swift in Sources */,
				F7EC04E81E31DC3300B3C8BE /* NewsFeed.swift in Sources */,
			);
			runOnlyForDeploymentPostprocessing = 0;
		};
/* End PBXSourcesBuildPhase section */

/* Begin PBXVariantGroup section */
		F794EC961DDD9B6F009C0A57 /* Main.storyboard */ = {
			isa = PBXVariantGroup;
			children = (
				F794EC971DDD9B6F009C0A57 /* Base */,
			);
			name = Main.storyboard;
			sourceTree = "<group>";
		};
		F794EC9B1DDD9B6F009C0A57 /* LaunchScreen.storyboard */ = {
			isa = PBXVariantGroup;
			children = (
				F794EC9C1DDD9B6F009C0A57 /* Base */,
			);
			name = LaunchScreen.storyboard;
			sourceTree = "<group>";
		};
/* End PBXVariantGroup section */

/* Begin XCBuildConfiguration section */
		F794EC9F1DDD9B6F009C0A57 /* Debug */ = {
			isa = XCBuildConfiguration;
			buildSettings = {
				ALWAYS_SEARCH_USER_PATHS = NO;
				CLANG_ANALYZER_NONNULL = YES;
				CLANG_CXX_LANGUAGE_STANDARD = "gnu++0x";
				CLANG_CXX_LIBRARY = "libc++";
				CLANG_ENABLE_MODULES = YES;
				CLANG_ENABLE_OBJC_ARC = YES;
				CLANG_WARN_BOOL_CONVERSION = YES;
				CLANG_WARN_CONSTANT_CONVERSION = YES;
				CLANG_WARN_DIRECT_OBJC_ISA_USAGE = YES_ERROR;
				CLANG_WARN_DOCUMENTATION_COMMENTS = YES;
				CLANG_WARN_EMPTY_BODY = YES;
				CLANG_WARN_ENUM_CONVERSION = YES;
				CLANG_WARN_INFINITE_RECURSION = YES;
				CLANG_WARN_INT_CONVERSION = YES;
				CLANG_WARN_OBJC_ROOT_CLASS = YES_ERROR;
				CLANG_WARN_SUSPICIOUS_MOVE = YES;
				CLANG_WARN_SUSPICIOUS_MOVES = YES;
				CLANG_WARN_UNREACHABLE_CODE = YES;
				CLANG_WARN__DUPLICATE_METHOD_MATCH = YES;
				"CODE_SIGN_IDENTITY[sdk=iphoneos*]" = "iPhone Developer";
				COPY_PHASE_STRIP = NO;
				DEBUG_INFORMATION_FORMAT = dwarf;
				ENABLE_STRICT_OBJC_MSGSEND = YES;
				ENABLE_TESTABILITY = YES;
				GCC_C_LANGUAGE_STANDARD = gnu99;
				GCC_DYNAMIC_NO_PIC = NO;
				GCC_NO_COMMON_BLOCKS = YES;
				GCC_OPTIMIZATION_LEVEL = 0;
				GCC_PREPROCESSOR_DEFINITIONS = (
					"DEBUG=1",
					"$(inherited)",
				);
				GCC_WARN_64_TO_32_BIT_CONVERSION = YES;
				GCC_WARN_ABOUT_RETURN_TYPE = YES_ERROR;
				GCC_WARN_UNDECLARED_SELECTOR = YES;
				GCC_WARN_UNINITIALIZED_AUTOS = YES_AGGRESSIVE;
				GCC_WARN_UNUSED_FUNCTION = YES;
				GCC_WARN_UNUSED_VARIABLE = YES;
				IPHONEOS_DEPLOYMENT_TARGET = 10.1;
				MTL_ENABLE_DEBUG_INFO = YES;
				ONLY_ACTIVE_ARCH = YES;
				SDKROOT = iphoneos;
				SWIFT_ACTIVE_COMPILATION_CONDITIONS = DEBUG;
				SWIFT_OPTIMIZATION_LEVEL = "-Onone";
			};
			name = Debug;
		};
		F794ECA01DDD9B6F009C0A57 /* Release */ = {
			isa = XCBuildConfiguration;
			buildSettings = {
				ALWAYS_SEARCH_USER_PATHS = NO;
				CLANG_ANALYZER_NONNULL = YES;
				CLANG_CXX_LANGUAGE_STANDARD = "gnu++0x";
				CLANG_CXX_LIBRARY = "libc++";
				CLANG_ENABLE_MODULES = YES;
				CLANG_ENABLE_OBJC_ARC = YES;
				CLANG_WARN_BOOL_CONVERSION = YES;
				CLANG_WARN_CONSTANT_CONVERSION = YES;
				CLANG_WARN_DIRECT_OBJC_ISA_USAGE = YES_ERROR;
				CLANG_WARN_DOCUMENTATION_COMMENTS = YES;
				CLANG_WARN_EMPTY_BODY = YES;
				CLANG_WARN_ENUM_CONVERSION = YES;
				CLANG_WARN_INFINITE_RECURSION = YES;
				CLANG_WARN_INT_CONVERSION = YES;
				CLANG_WARN_OBJC_ROOT_CLASS = YES_ERROR;
				CLANG_WARN_SUSPICIOUS_MOVE = YES;
				CLANG_WARN_SUSPICIOUS_MOVES = YES;
				CLANG_WARN_UNREACHABLE_CODE = YES;
				CLANG_WARN__DUPLICATE_METHOD_MATCH = YES;
				"CODE_SIGN_IDENTITY[sdk=iphoneos*]" = "iPhone Developer";
				COPY_PHASE_STRIP = NO;
				DEBUG_INFORMATION_FORMAT = "dwarf-with-dsym";
				ENABLE_NS_ASSERTIONS = NO;
				ENABLE_STRICT_OBJC_MSGSEND = YES;
				GCC_C_LANGUAGE_STANDARD = gnu99;
				GCC_NO_COMMON_BLOCKS = YES;
				GCC_WARN_64_TO_32_BIT_CONVERSION = YES;
				GCC_WARN_ABOUT_RETURN_TYPE = YES_ERROR;
				GCC_WARN_UNDECLARED_SELECTOR = YES;
				GCC_WARN_UNINITIALIZED_AUTOS = YES_AGGRESSIVE;
				GCC_WARN_UNUSED_FUNCTION = YES;
				GCC_WARN_UNUSED_VARIABLE = YES;
				IPHONEOS_DEPLOYMENT_TARGET = 10.1;
				MTL_ENABLE_DEBUG_INFO = NO;
				SDKROOT = iphoneos;
				SWIFT_OPTIMIZATION_LEVEL = "-Owholemodule";
				VALIDATE_PRODUCT = YES;
			};
			name = Release;
		};
		F794ECA21DDD9B6F009C0A57 /* Debug */ = {
			isa = XCBuildConfiguration;
			baseConfigurationReference = D8078258E304D0FCCD1F1F4C /* Pods-LoginDesign.debug.xcconfig */;
			buildSettings = {
				ASSETCATALOG_COMPILER_APPICON_NAME = AppIcon;
				DEVELOPMENT_TEAM = 9X2593SH8B;
				INFOPLIST_FILE = LoginDesign/Info.plist;
				IPHONEOS_DEPLOYMENT_TARGET = 10.0;
				LD_RUNPATH_SEARCH_PATHS = "$(inherited) @executable_path/Frameworks";
				PRODUCT_BUNDLE_IDENTIFIER = com.system.LoginDesign;
				PRODUCT_NAME = "$(TARGET_NAME)";
				SWIFT_VERSION = 3.0;
			};
			name = Debug;
		};
		F794ECA31DDD9B6F009C0A57 /* Release */ = {
			isa = XCBuildConfiguration;
			baseConfigurationReference = 35671D3630309A54EE1BEEDD /* Pods-LoginDesign.release.xcconfig */;
			buildSettings = {
				ASSETCATALOG_COMPILER_APPICON_NAME = AppIcon;
				DEVELOPMENT_TEAM = 9X2593SH8B;
				INFOPLIST_FILE = LoginDesign/Info.plist;
				IPHONEOS_DEPLOYMENT_TARGET = 10.0;
				LD_RUNPATH_SEARCH_PATHS = "$(inherited) @executable_path/Frameworks";
				PRODUCT_BUNDLE_IDENTIFIER = com.system.LoginDesign;
				PRODUCT_NAME = "$(TARGET_NAME)";
				SWIFT_VERSION = 3.0;
			};
			name = Release;
		};
/* End XCBuildConfiguration section */

/* Begin XCConfigurationList section */
		F794EC8A1DDD9B6F009C0A57 /* Build configuration list for PBXProject "LoginDesign" */ = {
			isa = XCConfigurationList;
			buildConfigurations = (
				F794EC9F1DDD9B6F009C0A57 /* Debug */,
				F794ECA01DDD9B6F009C0A57 /* Release */,
			);
			defaultConfigurationIsVisible = 0;
			defaultConfigurationName = Release;
		};
		F794ECA11DDD9B6F009C0A57 /* Build configuration list for PBXNativeTarget "LoginDesign" */ = {
			isa = XCConfigurationList;
			buildConfigurations = (
				F794ECA21DDD9B6F009C0A57 /* Debug */,
				F794ECA31DDD9B6F009C0A57 /* Release */,
			);
			defaultConfigurationIsVisible = 0;
			defaultConfigurationName = Release;
		};
/* End XCConfigurationList section */
	};
	rootObject = F794EC871DDD9B6F009C0A57 /* Project object */;
}
